
Microsoft Visual Studio Solution File, Format Version 12.00
# Visual Studio Version 16
VisualStudioVersion = 16.0.32228.343
MinimumVisualStudioVersion = 10.0.40219.1
Project("{FAE04EC0-301F-11D3-BF4B-00C04F79EFBC}") = "datagridviewApp", "datagridviewApp\datagridviewApp.csproj", "{2AF8E02B-1BF9-4387-B08A-9F0E91633F5C}"
EndProject
Global
	GlobalSection(SolutionConfigurationPlatforms) = preSolution
		Debug|Any CPU = Debug|Any CPU
		Release|Any CPU = Release|Any CPU
	EndGlobalSection
	GlobalSection(ProjectConfigurationPlatforms) = postSolution
		{2AF8E02B-1BF9-4387-B08A-9F0E91633F5C}.Debug|Any CPU.ActiveCfg = Debug|Any CPU
		{2AF8E02B-1BF9-4387-B08A-9F0E91633F5C}.Debug|Any CPU.Build.0 = Debug|Any CPU
		{2AF8E02B-1BF9-4387-B08A-9F0E91633F5C}.Release|Any CPU.ActiveCfg = Release|Any CPU
		{2AF8E02B-1BF9-4387-B08A-9F0E91633F5C}.Release|Any CPU.Build.0 = Release|Any CPU
	EndGlobalSection
	GlobalSection(SolutionProperties) = preSolution
		HideSolutionNode = FALSE
	EndGlobalSection
	GlobalSection(ExtensibilityGlobals) = postSolution
		SolutionGuid = {FD4D3DB8-2D01-4D9D-BDCC-C2E94D3647FD}
	EndGlobalSection
EndGlobal
